
Microsoft Visual Studio Solution File, Format Version 12.00
# Visual Studio Version 17
VisualStudioVersion = 17.2.32526.322
MinimumVisualStudioVersion = 10.0.40219.1
Project("{FAE04EC0-301F-11D3-BF4B-00C04F79EFBC}") = "MvcTemplateProje", "MvcTemplateProje\MvcTemplateProje.csproj", "{9932CCC1-E59E-43CE-B822-BC7459AD5CC3}"
EndProject
Global
	GlobalSection(SolutionConfigurationPlatforms) = preSolution
		Debug|Any CPU = Debug|Any CPU
		Release|Any CPU = Release|Any CPU
	EndGlobalSection
	GlobalSection(ProjectConfigurationPlatforms) = postSolution
		{9932CCC1-E59E-43CE-B822-BC7459AD5CC3}.Debug|Any CPU.ActiveCfg = Debug|Any CPU
		{9932CCC1-E59E-43CE-B822-BC7459AD5CC3}.Debug|Any CPU.Build.0 = Debug|Any CPU
		{9932CCC1-E59E-43CE-B822-BC7459AD5CC3}.Release|Any CPU.ActiveCfg = Release|Any CPU
		{9932CCC1-E59E-43CE-B822-BC7459AD5CC3}.Release|Any CPU.Build.0 = Release|Any CPU
	EndGlobalSection
	GlobalSection(SolutionProperties) = preSolution
		HideSolutionNode = FALSE
	EndGlobalSection
	GlobalSection(ExtensibilityGlobals) = postSolution
		SolutionGuid = {D6A60122-22DE-4BCD-9B15-ED83BD9B82D0}
	EndGlobalSection
EndGlobal
